
Microsoft Visual Studio Solution File, Format Version 12.00
# Visual Studio Version 17
VisualStudioVersion = 17.10.34607.79
MinimumVisualStudioVersion = 10.0.40219.1
Project("{FAE04EC0-301F-11D3-BF4B-00C04F79EFBC}") = "creational_builder", "creational_builder\creational_builder.csproj", "{DCC9D14D-27F5-4300-ADCF-FE0487D10C0F}"
EndProject
Global
	GlobalSection(SolutionConfigurationPlatforms) = preSolution
		Debug|Any CPU = Debug|Any CPU
		Release|Any CPU = Release|Any CPU
	EndGlobalSection
	GlobalSection(ProjectConfigurationPlatforms) = postSolution
		{DCC9D14D-27F5-4300-ADCF-FE0487D10C0F}.Debug|Any CPU.ActiveCfg = Debug|Any CPU
		{DCC9D14D-27F5-4300-ADCF-FE0487D10C0F}.Debug|Any CPU.Build.0 = Debug|Any CPU
		{DCC9D14D-27F5-4300-ADCF-FE0487D10C0F}.Release|Any CPU.ActiveCfg = Release|Any CPU
		{DCC9D14D-27F5-4300-ADCF-FE0487D10C0F}.Release|Any CPU.Build.0 = Release|Any CPU
	EndGlobalSection
	GlobalSection(SolutionProperties) = preSolution
		HideSolutionNode = FALSE
	EndGlobalSection
	GlobalSection(ExtensibilityGlobals) = postSolution
		SolutionGuid = {958CCDD3-4796-42F9-A268-F26482208F9A}
	EndGlobalSection
EndGlobal
